
Microsoft Visual Studio Solution File, Format Version 11.00
# Visual Studio 2010
Project("{FAE04EC0-301F-11D3-BF4B-00C04F79EFBC}") = "PcBuilder", "Assembly-CSharp-firstpass.csproj", "{869113EB-4014-020C-E7CF-203172E1BC24}"
EndProject
Project("{FAE04EC0-301F-11D3-BF4B-00C04F79EFBC}") = "PcBuilder", "Assembly-CSharp.csproj", "{56E9F98A-C703-FC32-0335-C5DEE3B1BB54}"
EndProject
Project("{FAE04EC0-301F-11D3-BF4B-00C04F79EFBC}") = "PcBuilder", "Assembly-CSharp-Editor.csproj", "{DD03371D-5C4C-608E-A681-012BBBCACCEB}"
EndProject
Global
	GlobalSection(SolutionConfigurationPlatforms) = preSolution
		Debug|Any CPU = Debug|Any CPU
		Release|Any CPU = Release|Any CPU
	EndGlobalSection
	GlobalSection(ProjectConfigurationPlatforms) = postSolution
		{869113EB-4014-020C-E7CF-203172E1BC24}.Debug|Any CPU.ActiveCfg = Debug|Any CPU
		{869113EB-4014-020C-E7CF-203172E1BC24}.Debug|Any CPU.Build.0 = Debug|Any CPU
		{869113EB-4014-020C-E7CF-203172E1BC24}.Release|Any CPU.ActiveCfg = Release|Any CPU
		{869113EB-4014-020C-E7CF-203172E1BC24}.Release|Any CPU.Build.0 = Release|Any CPU
		{56E9F98A-C703-FC32-0335-C5DEE3B1BB54}.Debug|Any CPU.ActiveCfg = Debug|Any CPU
		{56E9F98A-C703-FC32-0335-C5DEE3B1BB54}.Debug|Any CPU.Build.0 = Debug|Any CPU
		{56E9F98A-C703-FC32-0335-C5DEE3B1BB54}.Release|Any CPU.ActiveCfg = Release|Any CPU
		{56E9F98A-C703-FC32-0335-C5DEE3B1BB54}.Release|Any CPU.Build.0 = Release|Any CPU
		{DD03371D-5C4C-608E-A681-012BBBCACCEB}.Debug|Any CPU.ActiveCfg = Debug|Any CPU
		{DD03371D-5C4C-608E-A681-012BBBCACCEB}.Debug|Any CPU.Build.0 = Debug|Any CPU
		{DD03371D-5C4C-608E-A681-012BBBCACCEB}.Release|Any CPU.ActiveCfg = Release|Any CPU
		{DD03371D-5C4C-608E-A681-012BBBCACCEB}.Release|Any CPU.Build.0 = Release|Any CPU
	EndGlobalSection
	GlobalSection(SolutionProperties) = preSolution
		HideSolutionNode = FALSE
	EndGlobalSection
	GlobalSection(MonoDevelopProperties) = preSolution
		StartupItem = Assembly-CSharp.csproj
	EndGlobalSection
EndGlobal
